
Microsoft Visual Studio Solution File, Format Version 12.00
# Visual Studio 15
VisualStudioVersion = 15.0.28307.136
MinimumVisualStudioVersion = 10.0.40219.1
Project("{FAE04EC0-301F-11D3-BF4B-00C04F79EFBC}") = "read-screen-color", "read-screen-color\read-screen-color.csproj", "{A5E1B84C-522E-4CD7-891A-585DAD706476}"
EndProject
Project("{FAE04EC0-301F-11D3-BF4B-00C04F79EFBC}") = "read-screen-color-debug-window", "read-screen-color-debug-window\read-screen-color-debug-window.csproj", "{792A8A20-EA25-4EEF-B5AB-AFAE1B64451C}"
EndProject
Project("{FAE04EC0-301F-11D3-BF4B-00C04F79EFBC}") = "read-screen-color-console", "read-screen-color-console\read-screen-color-console.csproj", "{9E6AD3C1-C8E4-44F0-81A5-EE75B163F1EE}"
EndProject
Project("{FAE04EC0-301F-11D3-BF4B-00C04F79EFBC}") = "read-screen-color-benchmarking", "read-screen-color-benchmarking\read-screen-color-benchmarking.csproj", "{BA976E89-078E-4732-87A8-0BAA2934591B}"
EndProject
Global
	GlobalSection(SolutionConfigurationPlatforms) = preSolution
		Debug|Any CPU = Debug|Any CPU
		Release|Any CPU = Release|Any CPU
	EndGlobalSection
	GlobalSection(ProjectConfigurationPlatforms) = postSolution
		{A5E1B84C-522E-4CD7-891A-585DAD706476}.Debug|Any CPU.ActiveCfg = Debug|Any CPU
		{A5E1B84C-522E-4CD7-891A-585DAD706476}.Debug|Any CPU.Build.0 = Debug|Any CPU
		{A5E1B84C-522E-4CD7-891A-585DAD706476}.Release|Any CPU.ActiveCfg = Release|Any CPU
		{A5E1B84C-522E-4CD7-891A-585DAD706476}.Release|Any CPU.Build.0 = Release|Any CPU
		{792A8A20-EA25-4EEF-B5AB-AFAE1B64451C}.Debug|Any CPU.ActiveCfg = Debug|Any CPU
		{792A8A20-EA25-4EEF-B5AB-AFAE1B64451C}.Debug|Any CPU.Build.0 = Debug|Any CPU
		{792A8A20-EA25-4EEF-B5AB-AFAE1B64451C}.Release|Any CPU.ActiveCfg = Release|Any CPU
		{792A8A20-EA25-4EEF-B5AB-AFAE1B64451C}.Release|Any CPU.Build.0 = Release|Any CPU
		{9E6AD3C1-C8E4-44F0-81A5-EE75B163F1EE}.Debug|Any CPU.ActiveCfg = Debug|Any CPU
		{9E6AD3C1-C8E4-44F0-81A5-EE75B163F1EE}.Debug|Any CPU.Build.0 = Debug|Any CPU
		{9E6AD3C1-C8E4-44F0-81A5-EE75B163F1EE}.Release|Any CPU.ActiveCfg = Release|Any CPU
		{9E6AD3C1-C8E4-44F0-81A5-EE75B163F1EE}.Release|Any CPU.Build.0 = Release|Any CPU
		{BA976E89-078E-4732-87A8-0BAA2934591B}.Debug|Any CPU.ActiveCfg = Debug|Any CPU
		{BA976E89-078E-4732-87A8-0BAA2934591B}.Debug|Any CPU.Build.0 = Debug|Any CPU
		{BA976E89-078E-4732-87A8-0BAA2934591B}.Release|Any CPU.ActiveCfg = Release|Any CPU
		{BA976E89-078E-4732-87A8-0BAA2934591B}.Release|Any CPU.Build.0 = Release|Any CPU
	EndGlobalSection
	GlobalSection(SolutionProperties) = preSolution
		HideSolutionNode = FALSE
	EndGlobalSection
	GlobalSection(ExtensibilityGlobals) = postSolution
		SolutionGuid = {91B5F42E-159A-4932-9DDA-120E3FC1264F}
	EndGlobalSection
EndGlobal
